# This file was autogenerated by Stack.
# You should not edit this file by hand.
# For more information, please see the documentation at:
#   https://docs.haskellstack.org/en/stable/lock_files

packages: []
snapshots:
- completed:
    size: 314885
    url: https://raw.githubusercontent.com/commercialhaskell/stackage-snapshots/master/nightly/2019/9/27.yaml
    sha256: d365c2c700cf8af4de32418e56648b507eeda02217c7fa6ae056cfa9c278f899
  original: nightly-2019-09-27
