# This file was autogenerated by Stack.
# You should not edit this file by hand.
# For more information, please see the documentation at:
#   https://docs.haskellstack.org/en/stable/topics/lock_files

packages:
- completed:
    hackage: crypton-0.32@sha256:6f09f7d43a06ed6e12e1420e60a531179d5c703bf43fa768900ea49dc4bf0275,18202
    pantry-tree:
      sha256: 9055211c2c6d407906bb6dd569c428baaafe2e6d1669dd3c7254526311da72e7
      size: 23148
  original:
    hackage: crypton-0.32
snapshots:
- completed:
    size: 524996
    url: https://raw.githubusercontent.com/commercialhaskell/stackage-snapshots/master/lts/14/27.yaml
    sha256: 7ea31a280c56bf36ff591a7397cc384d0dff622e7f9e4225b47d8980f019a0f0
  original: lts-14.27
