# This file was autogenerated by Stack.
# You should not edit this file by hand.
# For more information, please see the documentation at:
#   https://docs.haskellstack.org/en/stable/topics/lock_files

packages:
- completed:
    hackage: crypton-2.1.2@sha256:cf7ee633c84dfc763a6a80c506bdbe2df0b97ddec6f45c57f349882938abb80f,29357
    pantry-tree:
      sha256: 7e00619457a9293707c91709344e8f680efc68b9a78b05bd954dc897c2e1612f
      size: 35458
  original:
    hackage: crypton-2.1.2
- completed:
    hackage: crypton-asn1-encoding-0.10.0@sha256:45494a1723a047a815d0d620481c1028dca28a4ea5cf2554868687da90753961,2497
    pantry-tree:
      sha256: c2ff6c426e6910075a971ee2801d200c8dc0f88cfcb8619534097902e6e655a8
      size: 1011
  original:
    hackage: crypton-asn1-encoding-0.10.0
- completed:
    hackage: crypton-asn1-parse-0.10.0@sha256:4a2cfc4980957d1a279ef69137ee5f665c247ccd8bb962812d5b071d543893fb,1359
    pantry-tree:
      sha256: c78bd2c09da1390c124cff07844ddb99778a8cff82df98c5d53b52adb04dfef9
      size: 326
  original:
    hackage: crypton-asn1-parse-0.10.0
- completed:
    hackage: crypton-asn1-types-0.4.1@sha256:02f3ec473011b3da92f7bf738bea19cadf88a6470b25a6cb5042216c7549c912,1326
    pantry-tree:
      sha256: 03e810ce724980eacfd49ed816d769ae74769f3941d8cc3c9067de4a896eedf2
      size: 722
  original:
    hackage: crypton-asn1-types-0.4.1
- completed:
    hackage: crypton-connection-0.4.6@sha256:a3764a44de9f43b1e9f590009ebbea1401fc3911e3ba41ce4d9b93d9f2a8d22e,1599
    pantry-tree:
      sha256: 87455e2624bb4ee57043d5c64854b07c7d83cf90a69c5f02447dc6bd79a1d82d
      size: 464
  original:
    hackage: crypton-connection-0.4.6
- completed:
    hackage: crypton-x509-1.9.1@sha256:649d829299409e65675bbb1f81e6a4f25e2578a77a4a4b99314ca26e678bd05a,2024
    pantry-tree:
      sha256: 295343a27e61b51edde98ff3ac2ec11657b00b7e239d60376c7285bf3cf8dc8e
      size: 1132
  original:
    hackage: crypton-x509-1.9.1
- completed:
    hackage: crypton-x509-store-1.9.0@sha256:ad388a99b25d8c11727d96f9f933341aaba0ef8cbfee1dccf3c1a09568674cc4,1714
    pantry-tree:
      sha256: e08654254a48592b52e876413d320d468fe7beae6ceefde7cc8f5a830e5fa9c4
      size: 458
  original:
    hackage: crypton-x509-store-1.9.0
- completed:
    hackage: crypton-x509-system-1.9.0@sha256:ccdc92bf98d7693c63dc680ff665b6487a28a701003dbee6695a6dbd38244392,1539
    pantry-tree:
      sha256: ff147d414b88b2ed368ad2d28167ba3126cd180aa2932555563e7a089d807775
      size: 512
  original:
    hackage: crypton-x509-system-1.9.0
- completed:
    hackage: crypton-x509-validation-1.9.1@sha256:4d3d2161752cde314f0f70bc5f40afd2d7bfafbd7213e47c8e1876d444d1cdd0,2113
    pantry-tree:
      sha256: 509ac0393429fa3dbfa8cee5f1d768f43765cad0be5c0d1ecdcf250a4aa82c3b
      size: 691
  original:
    hackage: crypton-x509-validation-1.9.1
- completed:
    hackage: hpke-0.2.0@sha256:90a50806a02eaba16b557e5f22f23ce3a096781d458cff1e8c7867843811f9d7,1815
    pantry-tree:
      sha256: d517914515f2c6eebbbb9608b0fa6217efe5cd9e158c04b302704adf229b7f15
      size: 1321
  original:
    hackage: hpke-0.2.0
- completed:
    hackage: http-client-tls-0.4.0@sha256:39fc60a864134946c773953fb96a836cd769b3af6fa03a4bfc547168a15e541d,2117
    pantry-tree:
      sha256: bd70a8c19ffb88ba8b26f803e4dcf6af24010f14321be26ff764bb6f236ce2e5
      size: 435
  original:
    hackage: http-client-tls-0.4.0
- completed:
    hackage: time-hourglass-0.3.0@sha256:ee02356fe24919ec43ae17fc0007398c2fd0bbe822833b2d7a9c849537b90580,3114
    pantry-tree:
      sha256: 7d6acc1a643fe8692d1858c96cc04a417b8da53e53b6bdba6fe0ce6aa6aba774
      size: 1594
  original:
    hackage: time-hourglass-0.3.0
- completed:
    hackage: ram-0.22.1@sha256:ae1111ae126f1c89f54ff6d616d25a78db0db6e1e76e20a13d1526dc6afe37e8,2814
    pantry-tree:
      sha256: af7847577924b07015c1ec920c03f32b712cc5bade512923e94b5e0fa238bedd
      size: 2285
  original:
    hackage: ram-0.22.1
- completed:
    hackage: tls-2.4.6@sha256:5ff7876f723b35c9d03b9d02aed2bf4f036893c3a9e8ffed9a230d76f6f216fa,7426
    pantry-tree:
      sha256: 8dd80899ac03de0548c2dbea263448bfeec50732f0492bb1aa60c95ec851b5a0
      size: 7128
  original:
    hackage: tls-2.4.6
- completed:
    hackage: mlkem-0.2.3.0@sha256:302c52d7c880efdc567d812e2e7490dc08a85e155daaa9c12d157d997c8568d2,4821
    pantry-tree:
      sha256: 88fcf1feadbe015f945804793dad27e402748fe595c90856d19bdb0ac38f61af
      size: 1831
  original:
    hackage: mlkem-0.2.3.0
- completed:
    hackage: primitive-0.9.1.0@sha256:756b222c715bc6ef5ba81fa69cdbaa20c5c53beb6f16f174b8bacc93a6d239f0,3258
    pantry-tree:
      sha256: f3316dce468a892930234a85193674461341e77426e7c46c82448f363367a528
      size: 1793
  original:
    hackage: primitive-0.9.1.0
- completed:
    hackage: ech-config-0.0.1@sha256:2b3eaf49d7b94bd4abdbdc1725419f1167dffe3e771a324fb0a55f438cd105cd,1388
    pantry-tree:
      sha256: 8e9dc0e9495fdb6513a13a23150dcceda38c4afbdeb3d81c504155ce88293b17
      size: 283
  original:
    hackage: ech-config-0.0.1
- completed:
    hackage: crypton-socks-0.6.2@sha256:19f8f9a8c1973905ec000ea431bb4454a9c437b80f1e5f5f83ff84b964c49885,2017
    pantry-tree:
      sha256: 0f434eabfbedf6e348b32d64263478d08d031e553fbcf2ea6e3e9cc3be538ae8
      size: 791
  original:
    hackage: crypton-socks-0.6.2
- completed:
    hackage: crypton-pem-0.3.0@sha256:fd7e60d8c3a2d7c43bc3cfec95e6df1f0f05ee08d7d038bb9f9074a1001cc046,1641
    pantry-tree:
      sha256: c5faee5674a44855fcd555b7c4b14fdeb30fe3b4fe9f4278dbf263c950592e6f
      size: 551
  original:
    hackage: crypton-pem-0.3.0
- completed:
    hackage: zlib-0.7.1.1@sha256:56d8bb3f9656059ff24b705d59cc65f6f37e3ea92b6b5f5bb202bd607738bb6f,5356
    pantry-tree:
      sha256: 22ab2292da807240a024dcecf15cc5ecd26636966d0202c507be9db425654c08
      size: 1519
  original:
    hackage: zlib-0.7.1.1
snapshots:
- completed:
    sha256: 238fa745b64f91184f9aa518fe04bdde6552533d169b0da5256670df83a0f1a9
    size: 721141
    url: https://raw.githubusercontent.com/commercialhaskell/stackage-snapshots/master/lts/22/44.yaml
  original: lts-22.44
