# This file was autogenerated by Stack.
# You should not edit this file by hand.
# For more information, please see the documentation at:
#   https://docs.haskellstack.org/en/stable/lock_files

packages:
- completed:
    hackage: aeson-1.5.0.0@sha256:a4ec683c3e40a41665f4f6806521211ce2253a469c82d4df855aadb2cc34bec4,6812
    pantry-tree:
      size: 39758
      sha256: 69b028939df0c092b1d8c3e9447461ca362e4fa8b93bfaf37fc199785df775da
  original:
    hackage: aeson-1.5.0.0
- completed:
    hackage: Cabal-3.2.0.0@sha256:d0d7a1f405f25d0000f5ddef684838bc264842304fd4e7f80ca92b997b710874,27320
    pantry-tree:
      size: 40963
      sha256: b122f2d76dc82a350d3986fa0cbc4ecf9c3bb4f9c598ccbfb3b2bfdde02f3698
  original:
    hackage: Cabal-3.2.0.0
- completed:
    hackage: directory-1.3.6.1@sha256:3dc9c69c8e09ec95a7a45c6d06abe0f0d2f604439c37e5f88e5a6c335b088d71,2810
    pantry-tree:
      size: 3433
      sha256: 9247d0e7cfbf9946b922d23bd56a6b765cdb91f71d72f8ae6ed22c94dbd9f1db
  original:
    hackage: directory-1.3.6.1
- completed:
    hackage: process-1.6.9.0@sha256:0cafe6e1313790863bd81cf40563baf5feea9ca2957e79a4d92bacfcc455604a,2468
    pantry-tree:
      size: 1211
      sha256: e9a0a18f4c350f4170b20b38cf05cf3541999388b4438f1dc183e86e9472ae9d
  original:
    hackage: process-1.6.9.0
- completed:
    hackage: time-1.10@sha256:536801b30aa2ce66da07cb19847827662650907efb2af4c8bef0a6276445075f,5738
    pantry-tree:
      size: 6693
      sha256: 1591d9d1034f19cd38fbda525969f805b5ca083b45da85602cf2b04c1a82f640
  original:
    hackage: time-1.10
- completed:
    hackage: unix-2.7.2.2@sha256:9e93f93cc5a065248120136e83a0a6d1ce93d6eb5ef2a2543f9593e93e164d24,3496
    pantry-tree:
      size: 3536
      sha256: 0b54bf49636d2a8c06e28315710e4437e001e05b4523d6e3cb083ba2426a38b2
  original:
    hackage: unix-2.7.2.2
snapshots:
- completed:
    size: 528870
    url: https://raw.githubusercontent.com/commercialhaskell/stackage-snapshots/master/nightly/2020/5/22.yaml
    sha256: 5084c06d7e6da39523d02af34e97661045018c0a21d7f976325adb6222661241
  original: nightly-2020-05-22
