# This file was autogenerated by Stack.
# You should not edit this file by hand.
# For more information, please see the documentation at:
#   https://docs.haskellstack.org/en/stable/lock_files

packages:
- completed:
    hackage: aeson-2.2.1.0@sha256:a23a61aada8233e10573e1612c0b2efe5a1aba0d59b05dbe2f63301822f136cb,6582
    pantry-tree:
      sha256: 8a50c54b9ecba80ecc3df3ea67faa4d155d6f6a6b3e342c74f3e6b0dcdc87e13
      size: 83518
  original:
    hackage: aeson-2.2.1.0
- completed:
    hackage: base-4.19.0.0@sha256:f8d40d8ef08249228674f64a00d4a6eb06a1d667755992b2336628db20d7d460,13261
    pantry-tree:
      sha256: 0429b67c818737cc8a8a8a56a7269ba591da7dacd61398db2e1e42810c666619
      size: 21393
  original:
    hackage: base-4.19.0.0
- completed:
    hackage: binary-0.8.9.1@sha256:81f468c1c75fd6535152ab69b2d32ac6cfcc03e345267b069abe4da56ec95801,6523
    pantry-tree:
      sha256: 956ecd662408f69615977b87a92e042abcdc447b7824b8aabf5788c4393c10c5
      size: 1976
  original:
    hackage: binary-0.8.9.1
- completed:
    hackage: bytestring-0.12.0.2@sha256:9fc077ff5b7ed2246773c3ac4370ef8822e4834d4587522b68ae551a5968fb86,7891
    pantry-tree:
      sha256: 05b5b3ef529f137062c632c38d9c94482ee25bcc0438d51a4be5448dafe690c9
      size: 4355
  original:
    hackage: bytestring-0.12.0.2
- completed:
    hackage: directory-1.3.8.1@sha256:e384a4831b0ac0f8908a1d99d14ce44bf9c5fe2092eec5b2c47ea072d477a493,2942
    pantry-tree:
      sha256: 5265dc75d29245961933e91bbae05b5f7630da84489b6e157a44d95d4c097618
      size: 3519
  original:
    hackage: directory-1.3.8.1
- completed:
    hackage: filepath-1.4.100.4@sha256:2de84756d3907308230e34fcc7c1917a73f218f6d53838618b7d5b95dd33e2c3,5536
    pantry-tree:
      sha256: 3f8869f574ea76933efe77ed3c6e4e5a646317b38e8962970c8d0d092266f230
      size: 3346
  original:
    hackage: filepath-1.4.100.4
- completed:
    hackage: parsec-3.1.16.1@sha256:5769242043b01bf759b07b7efedcb19607837ee79015fcddde34645664136aed,4691
    pantry-tree:
      sha256: aee875443fc603500dcfcb5bea5c116ebcb990037abcf17e8d7020e493a51476
      size: 2698
  original:
    hackage: parsec-3.1.16.1
- completed:
    hackage: process-1.6.17.0@sha256:49d8a7f372d35363011591b253cae4c8db8b9ec594590448e20b7bed7acaee98,2845
    pantry-tree:
      sha256: cfcb73c1a6a3f653f02e838e146d36505c1506d8bf57a4bb306d7ca905110a9e
      size: 1545
  original:
    hackage: process-1.6.17.0
- completed:
    hackage: text-2.1@sha256:471b9a22f88b1d51bc343e7d1db7bf88b84e1582eb6d5fbe643fe7afc683c256,9422
    pantry-tree:
      sha256: eeaf5496ca61f2c7823c2c851b6841203a854166b2a1d458fb8f302b7bcc6092
      size: 7878
  original:
    hackage: text-2.1
- completed:
    hackage: th-abstraction-0.6.0.0@sha256:d8959fa6a2812afcdd5f6f255fd6be8b3e0ca01e425586a554544fcb70b0ec7c,2303
    pantry-tree:
      sha256: 985be7c00f4358e474188ef2126cdb2d345345a9bcb9b9cf95035d037939f0d8
      size: 671
  original:
    hackage: th-abstraction-0.6.0.0
- completed:
    hackage: unix-2.8.1.1@sha256:ac8543fb9a80e3b9836cea7e71cd3a8fd56d7563dd59389d9731e71a688c19db,7610
    pantry-tree:
      sha256: 38451cb8e110edc764f6e58d835031961f0a9dea8ca8ea84e2a434ca1c1a6c46
      size: 5642
  original:
    hackage: unix-2.8.1.1
snapshots:
- completed:
    sha256: 190531f603c5d5115f66c3fd692a26eaa7958914e6450f78cd7028c401328578
    size: 695333
    url: https://raw.githubusercontent.com/commercialhaskell/stackage-snapshots/master/nightly/2023/10/23.yaml
  original: nightly-2023-10-23
