# This file was autogenerated by Stack.
# You should not edit this file by hand.
# For more information, please see the documentation at:
#   https://docs.haskellstack.org/en/stable/topics/lock_files

packages:
- completed:
    hackage: aeson-2.3.0.0@sha256:cf239fd16964d3aede1c626dc276c86369b1849a4bb18c73d61dcd045938daee,6601
    pantry-tree:
      sha256: 10f87edba228a0d01561480f31416df3a956d72f4e6453a520393628f93df724
      size: 83440
  original:
    hackage: aeson-2.3.0.0
- completed:
    hackage: crypton-2.1.2@sha256:cf7ee633c84dfc763a6a80c506bdbe2df0b97ddec6f45c57f349882938abb80f,29357
    pantry-tree:
      sha256: 7e00619457a9293707c91709344e8f680efc68b9a78b05bd954dc897c2e1612f
      size: 35458
  original:
    hackage: crypton-2.1.2
- completed:
    hackage: text-iso8601-0.2.0.0@sha256:dfebe2e25cd4ee9390682c9209242c3928227040f8b4c7a7713d2fdb8c886e33,2495
    pantry-tree:
      sha256: c6cf2a7499cfcb6b804f6375473b15ecba607845c0194d10263390f6062660e5
      size: 428
  original:
    hackage: text-iso8601-0.2.0.0
snapshots:
- completed:
    sha256: f542ad7c07a49791c2c53dfd45b4e51b556fb80de3e75a3967710a5aed8fdf6c
    size: 775930
    url: https://raw.githubusercontent.com/commercialhaskell/stackage-snapshots/master/nightly/2026/9/29.yaml
  original: nightly-2026-09-29
