# This file was autogenerated by Stack.
# You should not edit this file by hand.
# For more information, please see the documentation at:
#   https://docs.haskellstack.org/en/stable/topics/lock_files

packages:
- completed:
    hackage: crypton-0.32@sha256:6f09f7d43a06ed6e12e1420e60a531179d5c703bf43fa768900ea49dc4bf0275,18202
    pantry-tree:
      sha256: 9055211c2c6d407906bb6dd569c428baaafe2e6d1669dd3c7254526311da72e7
      size: 23148
  original:
    hackage: crypton-0.32
snapshots:
- completed:
    size: 619204
    url: https://raw.githubusercontent.com/commercialhaskell/stackage-snapshots/master/lts/19/33.yaml
    sha256: 6d1532d40621957a25bad5195bfca7938e8a06d923c91bc52aa0f3c41181f2d4
  original: lts-19.33
