# This file was autogenerated by Stack.
# You should not edit this file by hand.
# For more information, please see the documentation at:
#   https://docs.haskellstack.org/en/stable/lock_files

packages:
- completed:
    hackage: base-4.21.0.0@sha256:19f3c03cb3d0783e8e23370cfbf14f71e3a14aa90dc9a7a9fef79fca535671ef,9312
    pantry-tree:
      sha256: 9370c8e438b64108ce42ff1d235e228390866f6655d75e7bfa501703d6cfb98b
      size: 16878
  original:
    hackage: base-4.21.0.0
snapshots:
- completed:
    sha256: 7fddb148e37575dd57eeba8b6bad5e8d38a0d478bbdeb0a84b40d8d0b1a8755b
    size: 618102
    url: https://raw.githubusercontent.com/commercialhaskell/stackage-snapshots/master/nightly/2024/12/18.yaml
  original: nightly-2024-12-18
