# This file was autogenerated by Stack.
# You should not edit this file by hand.
# For more information, please see the documentation at:
#   https://docs.haskellstack.org/en/stable/lock_files

packages: []
snapshots:
- completed:
    size: 424346
    url: https://raw.githubusercontent.com/commercialhaskell/stackage-snapshots/master/lts/6/18.yaml
    sha256: f3e8a285258136f073006fd1d184db4bdb5e0238a1fc4c646bd8f75fda7098a3
  original: lts-6.18
