# This file was autogenerated by Stack.
# You should not edit this file by hand.
# For more information, please see the documentation at:
#   https://docs.haskellstack.org/en/stable/lock_files

packages: []
snapshots:
- completed:
    size: 598785
    url: https://raw.githubusercontent.com/commercialhaskell/stackage-snapshots/master/nightly/2023/3/5.yaml
    sha256: d08cba48a93881905b529a6896763b90086596889c6c4643816d639260fc12f4
  original: nightly-2023-03-05
