# This file was autogenerated by Stack.
# You should not edit this file by hand.
# For more information, please see the documentation at:
#   https://docs.haskellstack.org/en/stable/topics/lock_files

packages:
- completed:
    hackage: crypton-2.1.2@sha256:cf7ee633c84dfc763a6a80c506bdbe2df0b97ddec6f45c57f349882938abb80f,29357
    pantry-tree:
      sha256: 7e00619457a9293707c91709344e8f680efc68b9a78b05bd954dc897c2e1612f
      size: 35458
  original:
    hackage: crypton-2.1.2
- completed:
    hackage: ram-0.22.1@sha256:ae1111ae126f1c89f54ff6d616d25a78db0db6e1e76e20a13d1526dc6afe37e8,2814
    pantry-tree:
      sha256: af7847577924b07015c1ec920c03f32b712cc5bade512923e94b5e0fa238bedd
      size: 2285
  original:
    hackage: ram-0.22.1
- completed:
    hackage: primitive-0.9.1.0@sha256:756b222c715bc6ef5ba81fa69cdbaa20c5c53beb6f16f174b8bacc93a6d239f0,3258
    pantry-tree:
      sha256: f3316dce468a892930234a85193674461341e77426e7c46c82448f363367a528
      size: 1793
  original:
    hackage: primitive-0.9.1.0
- completed:
    hackage: base16-1.0@sha256:4dd341228168f2cde03954dd72175ee726a0713e2200f6c7b73f4cd8d2207377,2649
    pantry-tree:
      sha256: c027482fbdf3a73521045dd34d6013a8722e73b1ecb9e56f90328a0eda4d46fd
      size: 1457
  original:
    hackage: base16-1.0
- completed:
    hackage: data-array-byte-0.1.0.2@sha256:2560d90e419cd359563a691fce6398dc42bb8bff87e68446636581ed3362e19a,2006
    pantry-tree:
      sha256: 512c18c11dcbca91b368b2096f6e8fa142e4294f8392f2500f999abde6dd43cb
      size: 326
  original:
    hackage: data-array-byte-0.1.0.2
snapshots:
- completed:
    sha256: a81fb3877c4f9031e1325eb3935122e608d80715dc16b586eb11ddbff8671ecd
    size: 640086
    url: https://raw.githubusercontent.com/commercialhaskell/stackage-snapshots/master/lts/21/25.yaml
  original: lts-21.25
